
Microsoft Visual Studio Solution File, Format Version 12.00
# Visual Studio Version 17
VisualStudioVersion = 17.10.35122.118
MinimumVisualStudioVersion = 10.0.40219.1
Project("{FAE04EC0-301F-11D3-BF4B-00C04F79EFBC}") = "CalendarDemo.Server", "CalendarDemo.Server\CalendarDemo.Server.csproj", "{C48135E2-32D9-400A-8B6F-B6B8AE71FA7E}"
EndProject
Project("{54A90642-561A-4BB1-A94E-469ADEE60C69}") = "calendardemo.client", "calendardemo.client\calendardemo.client.esproj", "{933C2CCC-7F9E-4740-B880-10B8E35F671E}"
EndProject
Global
	GlobalSection(SolutionConfigurationPlatforms) = preSolution
		Debug|Any CPU = Debug|Any CPU
		Release|Any CPU = Release|Any CPU
	EndGlobalSection
	GlobalSection(ProjectConfigurationPlatforms) = postSolution
		{C48135E2-32D9-400A-8B6F-B6B8AE71FA7E}.Debug|Any CPU.ActiveCfg = Debug|Any CPU
		{C48135E2-32D9-400A-8B6F-B6B8AE71FA7E}.Debug|Any CPU.Build.0 = Debug|Any CPU
		{C48135E2-32D9-400A-8B6F-B6B8AE71FA7E}.Release|Any CPU.ActiveCfg = Release|Any CPU
		{C48135E2-32D9-400A-8B6F-B6B8AE71FA7E}.Release|Any CPU.Build.0 = Release|Any CPU
		{933C2CCC-7F9E-4740-B880-10B8E35F671E}.Debug|Any CPU.ActiveCfg = Debug|Any CPU
		{933C2CCC-7F9E-4740-B880-10B8E35F671E}.Debug|Any CPU.Build.0 = Debug|Any CPU
		{933C2CCC-7F9E-4740-B880-10B8E35F671E}.Debug|Any CPU.Deploy.0 = Debug|Any CPU
		{933C2CCC-7F9E-4740-B880-10B8E35F671E}.Release|Any CPU.ActiveCfg = Release|Any CPU
		{933C2CCC-7F9E-4740-B880-10B8E35F671E}.Release|Any CPU.Build.0 = Release|Any CPU
		{933C2CCC-7F9E-4740-B880-10B8E35F671E}.Release|Any CPU.Deploy.0 = Release|Any CPU
	EndGlobalSection
	GlobalSection(SolutionProperties) = preSolution
		HideSolutionNode = FALSE
	EndGlobalSection
	GlobalSection(ExtensibilityGlobals) = postSolution
		SolutionGuid = {293B3CAC-D3CE-49A2-8E61-398C554FB988}
	EndGlobalSection
EndGlobal
